
Microsoft Visual Studio Solution File, Format Version 12.00
# Visual Studio Version 17
VisualStudioVersion = 17.4.33103.184
MinimumVisualStudioVersion = 10.0.40219.1
Project("{9A19103F-16F7-4668-BE54-9A1E7A4F7556}") = "API", "API\API.csproj", "{C70AB98F-D6DF-4A0A-BFB0-16B8997211D6}"
EndProject
Project("{9A19103F-16F7-4668-BE54-9A1E7A4F7556}") = "Application", "Application\Application.csproj", "{32624CA2-6438-489E-8387-6218A572EB10}"
EndProject
Project("{9A19103F-16F7-4668-BE54-9A1E7A4F7556}") = "Domain", "Domain\Domain.csproj", "{D896239A-DE17-4BA0-9ACF-4EAD6348BB34}"
EndProject
Project("{9A19103F-16F7-4668-BE54-9A1E7A4F7556}") = "Infrastructure", "Infrastructure\Infrastructure.csproj", "{CE021779-2A83-41FC-B249-F92AD3B3D3B1}"
EndProject
Project("{9A19103F-16F7-4668-BE54-9A1E7A4F7556}") = "Tests", "Tests\Tests.csproj", "{826A4C17-2F07-46A8-B263-E38867A09B6B}"
EndProject
Project("{9A19103F-16F7-4668-BE54-9A1E7A4F7556}") = "WebHost", "WebHost\WebHost.csproj", "{2AC221CA-8F9E-4275-A47E-E885A1B93D42}"
EndProject
Global
	GlobalSection(SolutionConfigurationPlatforms) = preSolution
		Debug|Any CPU = Debug|Any CPU
		Release|Any CPU = Release|Any CPU
	EndGlobalSection
	GlobalSection(ProjectConfigurationPlatforms) = postSolution
		{C70AB98F-D6DF-4A0A-BFB0-16B8997211D6}.Debug|Any CPU.ActiveCfg = Debug|Any CPU
		{C70AB98F-D6DF-4A0A-BFB0-16B8997211D6}.Debug|Any CPU.Build.0 = Debug|Any CPU
		{C70AB98F-D6DF-4A0A-BFB0-16B8997211D6}.Release|Any CPU.ActiveCfg = Release|Any CPU
		{C70AB98F-D6DF-4A0A-BFB0-16B8997211D6}.Release|Any CPU.Build.0 = Release|Any CPU
		{32624CA2-6438-489E-8387-6218A572EB10}.Debug|Any CPU.ActiveCfg = Debug|Any CPU
		{32624CA2-6438-489E-8387-6218A572EB10}.Debug|Any CPU.Build.0 = Debug|Any CPU
		{32624CA2-6438-489E-8387-6218A572EB10}.Release|Any CPU.ActiveCfg = Release|Any CPU
		{32624CA2-6438-489E-8387-6218A572EB10}.Release|Any CPU.Build.0 = Release|Any CPU
		{D896239A-DE17-4BA0-9ACF-4EAD6348BB34}.Debug|Any CPU.ActiveCfg = Debug|Any CPU
		{D896239A-DE17-4BA0-9ACF-4EAD6348BB34}.Debug|Any CPU.Build.0 = Debug|Any CPU
		{D896239A-DE17-4BA0-9ACF-4EAD6348BB34}.Release|Any CPU.ActiveCfg = Release|Any CPU
		{D896239A-DE17-4BA0-9ACF-4EAD6348BB34}.Release|Any CPU.Build.0 = Release|Any CPU
		{CE021779-2A83-41FC-B249-F92AD3B3D3B1}.Debug|Any CPU.ActiveCfg = Debug|Any CPU
		{CE021779-2A83-41FC-B249-F92AD3B3D3B1}.Debug|Any CPU.Build.0 = Debug|Any CPU
		{CE021779-2A83-41FC-B249-F92AD3B3D3B1}.Release|Any CPU.ActiveCfg = Release|Any CPU
		{CE021779-2A83-41FC-B249-F92AD3B3D3B1}.Release|Any CPU.Build.0 = Release|Any CPU
		{826A4C17-2F07-46A8-B263-E38867A09B6B}.Debug|Any CPU.ActiveCfg = Debug|Any CPU
		{826A4C17-2F07-46A8-B263-E38867A09B6B}.Debug|Any CPU.Build.0 = Debug|Any CPU
		{826A4C17-2F07-46A8-B263-E38867A09B6B}.Release|Any CPU.ActiveCfg = Release|Any CPU
		{826A4C17-2F07-46A8-B263-E38867A09B6B}.Release|Any CPU.Build.0 = Release|Any CPU
		{2AC221CA-8F9E-4275-A47E-E885A1B93D42}.Debug|Any CPU.ActiveCfg = Debug|Any CPU
		{2AC221CA-8F9E-4275-A47E-E885A1B93D42}.Debug|Any CPU.Build.0 = Debug|Any CPU
		{2AC221CA-8F9E-4275-A47E-E885A1B93D42}.Release|Any CPU.ActiveCfg = Release|Any CPU
		{2AC221CA-8F9E-4275-A47E-E885A1B93D42}.Release|Any CPU.Build.0 = Release|Any CPU
	EndGlobalSection
	GlobalSection(SolutionProperties) = preSolution
		HideSolutionNode = FALSE
	EndGlobalSection
	GlobalSection(ExtensibilityGlobals) = postSolution
		SolutionGuid = {EC2B1422-FA0C-4C76-88F5-F779CC4EBFC1}
	EndGlobalSection
EndGlobal
